
Microsoft Visual Studio Solution File, Format Version 12.00
# Visual Studio 14
VisualStudioVersion = 14.0.24720.0
MinimumVisualStudioVersion = 10.0.40219.1
Project("{FAE04EC0-301F-11D3-BF4B-00C04F79EFBC}") = "KataNumberInWord", "KataNumberInWord\KataNumberInWord.csproj", "{523976DC-003B-4146-A644-E5942AA49202}"
EndProject
Project("{FAE04EC0-301F-11D3-BF4B-00C04F79EFBC}") = "KataNumberInWordTests", "KataNumberInWordTests\KataNumberInWordTests.csproj", "{BAFE4538-00C3-4C0E-AAE7-E50ECEF66014}"
EndProject
Global
	GlobalSection(SolutionConfigurationPlatforms) = preSolution
		Debug|Any CPU = Debug|Any CPU
		Release|Any CPU = Release|Any CPU
	EndGlobalSection
	GlobalSection(ProjectConfigurationPlatforms) = postSolution
		{523976DC-003B-4146-A644-E5942AA49202}.Debug|Any CPU.ActiveCfg = Debug|Any CPU
		{523976DC-003B-4146-A644-E5942AA49202}.Debug|Any CPU.Build.0 = Debug|Any CPU
		{523976DC-003B-4146-A644-E5942AA49202}.Release|Any CPU.ActiveCfg = Release|Any CPU
		{523976DC-003B-4146-A644-E5942AA49202}.Release|Any CPU.Build.0 = Release|Any CPU
		{BAFE4538-00C3-4C0E-AAE7-E50ECEF66014}.Debug|Any CPU.ActiveCfg = Debug|Any CPU
		{BAFE4538-00C3-4C0E-AAE7-E50ECEF66014}.Debug|Any CPU.Build.0 = Debug|Any CPU
		{BAFE4538-00C3-4C0E-AAE7-E50ECEF66014}.Release|Any CPU.ActiveCfg = Release|Any CPU
		{BAFE4538-00C3-4C0E-AAE7-E50ECEF66014}.Release|Any CPU.Build.0 = Release|Any CPU
	EndGlobalSection
	GlobalSection(SolutionProperties) = preSolution
		HideSolutionNode = FALSE
	EndGlobalSection
EndGlobal
